lockfileVersion: '9.0'

settings:
  autoInstallPeers: true
  excludeLinksFromLockfile: false

importers:

  .:
    devDependencies:
      tree-sitter-c:
        specifier: ^0.24.1
        version: 0.24.1
      tree-sitter-cli:
        specifier: ^0.26.11
        version: 0.26.11

packages:

  node-addon-api@8.9.0:
    resolution: {integrity: sha512-ekZMeaaIzSQTSpr7X2X3iJM7lTzgnx8ahAG9pJfT/7+14mlEM8ZYQ9cgCDvSSRbReFK0oHli3WrZdCiRsgAT9Q==}
    engines: {node: ^18 || ^20 || >= 21}

  node-gyp-build@4.8.4:
    resolution: {integrity: sha512-LA4ZjwlnUblHVgq0oBF3Jl/6h/Nvs5fzBLwdEF4nuxnFdsfajde4WfxtJr3CaiH+F6ewcIB/q4jQ4UzPyid+CQ==}
    hasBin: true

  tree-sitter-c@0.24.1:
    resolution: {integrity: sha512-lkYwWN3SRecpvaeqmFKkuPNR3ZbtnvHU+4XAEEkJdrp3JfSp2pBrhXOtvfsENUneye76g889Y0ddF2DM0gEDpA==}
    peerDependencies:
      tree-sitter: ^0.22.4
    peerDependenciesMeta:
      tree-sitter:
        optional: true

  tree-sitter-cli@0.26.11:
    resolution: {integrity: sha512-/hRCA0Ehkgk6B5WTYSiENk1R2Zv3LJcfvL3wjofzx+EYaKySZDu0agGRQcccay9Lg7wxJWsDa9cTRS92wsM5gQ==}
    engines: {node: '>=12.0.0'}
    hasBin: true

snapshots:

  node-addon-api@8.9.0: {}

  node-gyp-build@4.8.4: {}

  tree-sitter-c@0.24.1:
    dependencies:
      node-addon-api: 8.9.0
      node-gyp-build: 4.8.4

  tree-sitter-cli@0.26.11: {}
